// !$*UTF8*$!
{
	archiveVersion = 1;
	classes = {
	};
	objectVersion = 56;
	objects = {

/* Begin PBXBuildFile section */
		BC07A5672BAE9A76003B3635 /* AppDelegate.swift in Sources */ = {isa = PBXBuildFile; fileRef = BC07A5662BAE9A76003B3635 /* AppDelegate.swift */; };
		BC07A5692BAE9A76003B3635 /* SceneDelegate.swift in Sources */ = {isa = PBXBuildFile; fileRef = BC07A5682BAE9A76003B3635 /* SceneDelegate.swift */; };
		BC07A56B2BAE9A76003B3635 /* ViewController.swift in Sources */ = {isa = PBXBuildFile; fileRef = BC07A56A2BAE9A76003B3635 /* ViewController.swift */; };
		BC07A56E2BAE9A76003B3635 /* Base in Resources */ = {isa = PBXBuildFile; fileRef = BC07A56D2BAE9A76003B3635 /* Base */; };
		BC07A5702BAE9A77003B3635 /* Assets.xcassets in Resources */ = {isa = PBXBuildFile; fileRef = BC07A56F2BAE9A77003B3635 /* Assets.xcassets */; };
		BC07A5732BAE9A77003B3635 /* Base in Resources */ = {isa = PBXBuildFile; fileRef = BC07A5722BAE9A77003B3635 /* Base */; };
		C8162F805E672461A53783E6 /* Pods_Alamofire_Api_calling.framework in Frameworks */ = {isa = PBXBuildFile; fileRef = A7A3FB72CF1D59FDCAF530C2 /* Pods_Alamofire_Api_calling.framework */; };
/* End PBXBuildFile section */

/* Begin PBXFileReference section */
		286058FD0E1818B145A00976 /* Pods-Alamofire-Api-calling.release.xcconfig */ = {isa = PBXFileReference; includeInIndex = 1; lastKnownFileType = text.xcconfig; name = "Pods-Alamofire-Api-calling.release.xcconfig"; path = "Target Support Files/Pods-Alamofire-Api-calling/Pods-Alamofire-Api-calling.release.xcconfig"; sourceTree = "<group>"; };
		3755C609B7FEFEC2BF205017 /* Pods-Alamofire-Api-calling.debug.xcconfig */ = {isa = PBXFileReference; includeInIndex = 1; lastKnownFileType = text.xcconfig; name = "Pods-Alamofire-Api-calling.debug.xcconfig"; path = "Target Support Files/Pods-Alamofire-Api-calling/Pods-Alamofire-Api-calling.debug.xcconfig"; sourceTree = "<group>"; };
		A7A3FB72CF1D59FDCAF530C2 /* Pods_Alamofire_Api_calling.framework */ = {isa = PBXFileReference; explicitFileType = wrapper.framework; includeInIndex = 0; path = Pods_Alamofire_Api_calling.framework; sourceTree = BUILT_PRODUCTS_DIR; };
		BC07A5632BAE9A76003B3635 /* Alamofire-Api-basic-calling.app */ = {isa = PBXFileReference; explicitFileType = wrapper.application; includeInIndex = 0; path = "Alamofire-Api-basic-calling.app"; sourceTree = BUILT_PRODUCTS_DIR; };
		BC07A5662BAE9A76003B3635 /* AppDelegate.swift */ = {isa = PBXFileReference; lastKnownFileType = sourcecode.swift; path = AppDelegate.swift; sourceTree = "<group>"; };
		BC07A5682BAE9A76003B3635 /* SceneDelegate.swift */ = {isa = PBXFileReference; lastKnownFileType = sourcecode.swift; path = SceneDelegate.swift; sourceTree = "<group>"; };
		BC07A56A2BAE9A76003B3635 /* ViewController.swift */ = {isa = PBXFileReference; lastKnownFileType = sourcecode.swift; path = ViewController.swift; sourceTree = "<group>"; };
		BC07A56D2BAE9A76003B3635 /* Base */ = {isa = PBXFileReference; lastKnownFileType = file.storyboard; name = Base; path = Base.lproj/Main.storyboard; sourceTree = "<group>"; };
		BC07A56F2BAE9A77003B3635 /* Assets.xcassets */ = {isa = PBXFileReference; lastKnownFileType = folder.assetcatalog; path = Assets.xcassets; sourceTree = "<group>"; };
		BC07A5722BAE9A77003B3635 /* Base */ = {isa = PBXFileReference; lastKnownFileType = file.storyboard; name = Base; path = Base.lproj/LaunchScreen.storyboard; sourceTree = "<group>"; };
		BC07A5742BAE9A77003B3635 /* Info.plist */ = {isa = PBXFileReference; lastKnownFileType = text.plist.xml; path = Info.plist; sourceTree = "<group>"; };
/* End PBXFileReference section */

/* Begin PBXFrameworksBuildPhase section */
		BC07A5602BAE9A76003B3635 /* Frameworks */ = {
			isa = PBXFrameworksBuildPhase;
			buildActionMask = 2147483647;
			files = (
				C8162F805E672461A53783E6 /* Pods_Alamofire_Api_calling.framework in Frameworks */,
			);
			runOnlyForDeploymentPostprocessing = 0;
		};
/* End PBXFrameworksBuildPhase section */

/* Begin PBXGroup section */
		383B869DB445CB7C9A859E59 /* Frameworks */ = {
			isa = PBXGroup;
			children = (
				A7A3FB72CF1D59FDCAF530C2 /* Pods_Alamofire_Api_calling.framework */,
			);
			name = Frameworks;
			sourceTree = "<group>";
		};
		BC07A55A2BAE9A76003B3635 = {
			isa = PBXGroup;
			children = (
				BC07A5652BAE9A76003B3635 /* Alamofire-Api-basic-calling */,
				BC07A5642BAE9A76003B3635 /* Products */,
				FA44A5A67CD089528FDE786C /* Pods */,
				383B869DB445CB7C9A859E59 /* Frameworks */,
			);
			sourceTree = "<group>";
		};
		BC07A5642BAE9A76003B3635 /* Products */ = {
			isa = PBXGroup;
			children = (
				BC07A5632BAE9A76003B3635 /* Alamofire-Api-basic-calling.app */,
			);
			name = Products;
			sourceTree = "<group>";
		};
		BC07A5652BAE9A76003B3635 /* Alamofire-Api-basic-calling */ = {
			isa = PBXGroup;
			children = (
				BC07A5662BAE9A76003B3635 /* AppDelegate.swift */,
				BC07A5682BAE9A76003B3635 /* SceneDelegate.swift */,
				BC07A56A2BAE9A76003B3635 /* ViewController.swift */,
				BC07A56C2BAE9A76003B3635 /* Main.storyboard */,
				BC07A56F2BAE9A77003B3635 /* Assets.xcassets */,
				BC07A5712BAE9A77003B3635 /* LaunchScreen.storyboard */,
				BC07A5742BAE9A77003B3635 /* Info.plist */,
			);
			path = "Alamofire-Api-basic-calling";
			sourceTree = "<group>";
		};
		FA44A5A67CD089528FDE786C /* Pods */ = {
			isa = PBXGroup;
			children = (
				3755C609B7FEFEC2BF205017 /* Pods-Alamofire-Api-calling.debug.xcconfig */,
				286058FD0E1818B145A00976 /* Pods-Alamofire-Api-calling.release.xcconfig */,
			);
			path = Pods;
			sourceTree = "<group>";
		};
/* End PBXGroup section */

/* Begin PBXNativeTarget section */
		BC07A5622BAE9A76003B3635 /* Alamofire-Api-basic-calling */ = {
			isa = PBXNativeTarget;
			buildConfigurationList = BC07A5772BAE9A77003B3635 /* Build configuration list for PBXNativeTarget "Alamofire-Api-basic-calling" */;
			buildPhases = (
				9768F5AFF306E05484A2BE0F /* [CP] Check Pods Manifest.lock */,
				BC07A55F2BAE9A76003B3635 /* Sources */,
				BC07A5602BAE9A76003B3635 /* Frameworks */,
				BC07A5612BAE9A76003B3635 /* Resources */,
				1D19BBC6DF06BCA016FCD67F /* [CP] Embed Pods Frameworks */,
			);
			buildRules = (
			);
			dependencies = (
			);
			name = "Alamofire-Api-basic-calling";
			productName = "Alamofire-Api-calling";
			productReference = BC07A5632BAE9A76003B3635 /* Alamofire-Api-basic-calling.app */;
			productType = "com.apple.product-type.application";
		};
/* End PBXNativeTarget section */

/* Begin PBXProject section */
		BC07A55B2BAE9A76003B3635 /* Project object */ = {
			isa = PBXProject;
			attributes = {
				BuildIndependentTargetsInParallel = 1;
				LastSwiftUpdateCheck = 1530;
				LastUpgradeCheck = 1530;
				TargetAttributes = {
					BC07A5622BAE9A76003B3635 = {
						CreatedOnToolsVersion = 15.3;
					};
				};
			};
			buildConfigurationList = BC07A55E2BAE9A76003B3635 /* Build configuration list for PBXProject "Alamofire-Api-basic-calling" */;
			compatibilityVersion = "Xcode 14.0";
			developmentRegion = en;
			hasScannedForEncodings = 0;
			knownRegions = (
				en,
				Base,
			);
			mainGroup = BC07A55A2BAE9A76003B3635;
			productRefGroup = BC07A5642BAE9A76003B3635 /* Products */;
			projectDirPath = "";
			projectRoot = "";
			targets = (
				BC07A5622BAE9A76003B3635 /* Alamofire-Api-basic-calling */,
			);
		};
/* End PBXProject section */

/* Begin PBXResourcesBuildPhase section */
		BC07A5612BAE9A76003B3635 /* Resources */ = {
			isa = PBXResourcesBuildPhase;
			buildActionMask = 2147483647;
			files = (
				BC07A5702BAE9A77003B3635 /* Assets.xcassets in Resources */,
				BC07A5732BAE9A77003B3635 /* Base in Resources */,
				BC07A56E2BAE9A76003B3635 /* Base in Resources */,
			);
			runOnlyForDeploymentPostprocessing = 0;
		};
/* End PBXResourcesBuildPhase section */

/* Begin PBXShellScriptBuildPhase section */
		1D19BBC6DF06BCA016FCD67F /* [CP] Embed Pods Frameworks */ = {
			isa = PBXShellScriptBuildPhase;
			buildActionMask = 2147483647;
			files = (
			);
			inputFileListPaths = (
				"${PODS_ROOT}/Target Support Files/Pods-Alamofire-Api-calling/Pods-Alamofire-Api-calling-frameworks-${CONFIGURATION}-input-files.xcfilelist",
			);
			name = "[CP] Embed Pods Frameworks";
			outputFileListPaths = (
				"${PODS_ROOT}/Target Support Files/Pods-Alamofire-Api-calling/Pods-Alamofire-Api-calling-frameworks-${CONFIGURATION}-output-files.xcfilelist",
			);
			runOnlyForDeploymentPostprocessing = 0;
			shellPath = /bin/sh;
			shellScript = "\"${PODS_ROOT}/Target Support Files/Pods-Alamofire-Api-calling/Pods-Alamofire-Api-calling-frameworks.sh\"\n";
			showEnvVarsInLog = 0;
		};
		9768F5AFF306E05484A2BE0F /* [CP] Check Pods Manifest.lock */ = {
			isa = PBXShellScriptBuildPhase;
			buildActionMask = 2147483647;
			files = (
			);
			inputFileListPaths = (
			);
			inputPaths = (
				"${PODS_PODFILE_DIR_PATH}/Podfile.lock",
				"${PODS_ROOT}/Manifest.lock",
			);
			name = "[CP] Check Pods Manifest.lock";
			outputFileListPaths = (
			);
			outputPaths = (
				"$(DERIVED_FILE_DIR)/Pods-Alamofire-Api-calling-checkManifestLockResult.txt",
			);
			runOnlyForDeploymentPostprocessing = 0;
			shellPath = /bin/sh;
			shellScript = "diff \"${PODS_PODFILE_DIR_PATH}/Podfile.lock\" \"${PODS_ROOT}/Manifest.lock\" > /dev/null\nif [ $? != 0 ] ; then\n    # print error to STDERR\n    echo \"error: The sandbox is not in sync with the Podfile.lock. Run 'pod install' or update your CocoaPods installation.\" >&2\n    exit 1\nfi\n# This output is used by Xcode 'outputs' to avoid re-running this script phase.\necho \"SUCCESS\" > \"${SCRIPT_OUTPUT_FILE_0}\"\n";
			showEnvVarsInLog = 0;
		};
/* End PBXShellScriptBuildPhase section */

/* Begin PBXSourcesBuildPhase section */
		BC07A55F2BAE9A76003B3635 /* Sources */ = {
			isa = PBXSourcesBuildPhase;
			buildActionMask = 2147483647;
			files = (
				BC07A56B2BAE9A76003B3635 /* ViewController.swift in Sources */,
				BC07A5672BAE9A76003B3635 /* AppDelegate.swift in Sources */,
				BC07A5692BAE9A76003B3635 /* SceneDelegate.swift in Sources */,
			);
			runOnlyForDeploymentPostprocessing = 0;
		};
/* End PBXSourcesBuildPhase section */

/* Begin PBXVariantGroup section */
		BC07A56C2BAE9A76003B3635 /* Main.storyboard */ = {
			isa = PBXVariantGroup;
			children = (
				BC07A56D2BAE9A76003B3635 /* Base */,
			);
			name = Main.storyboard;
			sourceTree = "<group>";
		};
		BC07A5712BAE9A77003B3635 /* LaunchScreen.storyboard */ = {
			isa = PBXVariantGroup;
			children = (
				BC07A5722BAE9A77003B3635 /* Base */,
			);
			name = LaunchScreen.storyboard;
			sourceTree = "<group>";
		};
/* End PBXVariantGroup section */

/* Begin XCBuildConfiguration section */
		BC07A5752BAE9A77003B3635 /* Debug */ = {
			isa = XCBuildConfiguration;
			buildSettings = {
				ALWAYS_SEARCH_USER_PATHS = NO;
				ASSETCATALOG_COMPILER_GENERATE_SWIFT_ASSET_SYMBOL_EXTENSIONS = YES;
				CLANG_ANALYZER_NONNULL = YES;
				CLANG_ANALYZER_NUMBER_OBJECT_CONVERSION = YES_AGGRESSIVE;
				CLANG_CXX_LANGUAGE_STANDARD = "gnu++20";
				CLANG_ENABLE_MODULES = YES;
				CLANG_ENABLE_OBJC_ARC = YES;
				CLANG_ENABLE_OBJC_WEAK = YES;
				CLANG_WARN_BLOCK_CAPTURE_AUTORELEASING = YES;
				CLANG_WARN_BOOL_CONVERSION = YES;
				CLANG_WARN_COMMA = YES;
				CLANG_WARN_CONSTANT_CONVERSION = YES;
				CLANG_WARN_DEPRECATED_OBJC_IMPLEMENTATIONS = YES;
				CLANG_WARN_DIRECT_OBJC_ISA_USAGE = YES_ERROR;
				CLANG_WARN_DOCUMENTATION_COMMENTS = YES;
				CLANG_WARN_EMPTY_BODY = YES;
				CLANG_WARN_ENUM_CONVERSION = YES;
				CLANG_WARN_INFINITE_RECURSION = YES;
				CLANG_WARN_INT_CONVERSION = YES;
				CLANG_WARN_NON_LITERAL_NULL_CONVERSION = YES;
				CLANG_WARN_OBJC_IMPLICIT_RETAIN_SELF = YES;
				CLANG_WARN_OBJC_LITERAL_CONVERSION = YES;
				CLANG_WARN_OBJC_ROOT_CLASS = YES_ERROR;
				CLANG_WARN_QUOTED_INCLUDE_IN_FRAMEWORK_HEADER = YES;
				CLANG_WARN_RANGE_LOOP_ANALYSIS = YES;
				CLANG_WARN_STRICT_PROTOTYPES = YES;
				CLANG_WARN_SUSPICIOUS_MOVE = YES;
				CLANG_WARN_UNGUARDED_AVAILABILITY = YES_AGGRESSIVE;
				CLANG_WARN_UNREACHABLE_CODE = YES;
				CLANG_WARN__DUPLICATE_METHOD_MATCH = YES;
				COPY_PHASE_STRIP = NO;
				DEBUG_INFORMATION_FORMAT = dwarf;
				ENABLE_STRICT_OBJC_MSGSEND = YES;
				ENABLE_TESTABILITY = YES;
				ENABLE_USER_SCRIPT_SANDBOXING = YES;
				GCC_C_LANGUAGE_STANDARD = gnu17;
				GCC_DYNAMIC_NO_PIC = NO;
				GCC_NO_COMMON_BLOCKS = YES;
				GCC_OPTIMIZATION_LEVEL = 0;
				GCC_PREPROCESSOR_DEFINITIONS = (
					"DEBUG=1",
					"$(inherited)",
				);
				GCC_WARN_64_TO_32_BIT_CONVERSION = YES;
				GCC_WARN_ABOUT_RETURN_TYPE = YES_ERROR;
				GCC_WARN_UNDECLARED_SELECTOR = YES;
				GCC_WARN_UNINITIALIZED_AUTOS = YES_AGGRESSIVE;
				GCC_WARN_UNUSED_FUNCTION = YES;
				GCC_WARN_UNUSED_VARIABLE = YES;
				IPHONEOS_DEPLOYMENT_TARGET = 17.4;
				LOCALIZATION_PREFERS_STRING_CATALOGS = YES;
				MTL_ENABLE_DEBUG_INFO = INCLUDE_SOURCE;
				MTL_FAST_MATH = YES;
				ONLY_ACTIVE_ARCH = YES;
				SDKROOT = iphoneos;
				SWIFT_ACTIVE_COMPILATION_CONDITIONS = "DEBUG $(inherited)";
				SWIFT_OPTIMIZATION_LEVEL = "-Onone";
			};
			name = Debug;
		};
		BC07A5762BAE9A77003B3635 /* Release */ = {
			isa = XCBuildConfiguration;
			buildSettings = {
				ALWAYS_SEARCH_USER_PATHS = NO;
				ASSETCATALOG_COMPILER_GENERATE_SWIFT_ASSET_SYMBOL_EXTENSIONS = YES;
				CLANG_ANALYZER_NONNULL = YES;
				CLANG_ANALYZER_NUMBER_OBJECT_CONVERSION = YES_AGGRESSIVE;
				CLANG_CXX_LANGUAGE_STANDARD = "gnu++20";
				CLANG_ENABLE_MODULES = YES;
				CLANG_ENABLE_OBJC_ARC = YES;
				CLANG_ENABLE_OBJC_WEAK = YES;
				CLANG_WARN_BLOCK_CAPTURE_AUTORELEASING = YES;
				CLANG_WARN_BOOL_CONVERSION = YES;
				CLANG_WARN_COMMA = YES;
				CLANG_WARN_CONSTANT_CONVERSION = YES;
				CLANG_WARN_DEPRECATED_OBJC_IMPLEMENTATIONS = YES;
				CLANG_WARN_DIRECT_OBJC_ISA_USAGE = YES_ERROR;
				CLANG_WARN_DOCUMENTATION_COMMENTS = YES;
				CLANG_WARN_EMPTY_BODY = YES;
				CLANG_WARN_ENUM_CONVERSION = YES;
				CLANG_WARN_INFINITE_RECURSION = YES;
				CLANG_WARN_INT_CONVERSION = YES;
				CLANG_WARN_NON_LITERAL_NULL_CONVERSION = YES;
				CLANG_WARN_OBJC_IMPLICIT_RETAIN_SELF = YES;
				CLANG_WARN_OBJC_LITERAL_CONVERSION = YES;
				CLANG_WARN_OBJC_ROOT_CLASS = YES_ERROR;
				CLANG_WARN_QUOTED_INCLUDE_IN_FRAMEWORK_HEADER = YES;
				CLANG_WARN_RANGE_LOOP_ANALYSIS = YES;
				CLANG_WARN_STRICT_PROTOTYPES = YES;
				CLANG_WARN_SUSPICIOUS_MOVE = YES;
				CLANG_WARN_UNGUARDED_AVAILABILITY = YES_AGGRESSIVE;
				CLANG_WARN_UNREACHABLE_CODE = YES;
				CLANG_WARN__DUPLICATE_METHOD_MATCH = YES;
				COPY_PHASE_STRIP = NO;
				DEBUG_INFORMATION_FORMAT = "dwarf-with-dsym";
				ENABLE_NS_ASSERTIONS = NO;
				ENABLE_STRICT_OBJC_MSGSEND = YES;
				ENABLE_USER_SCRIPT_SANDBOXING = YES;
				GCC_C_LANGUAGE_STANDARD = gnu17;
				GCC_NO_COMMON_BLOCKS = YES;
				GCC_WARN_64_TO_32_BIT_CONVERSION = YES;
				GCC_WARN_ABOUT_RETURN_TYPE = YES_ERROR;
				GCC_WARN_UNDECLARED_SELECTOR = YES;
				GCC_WARN_UNINITIALIZED_AUTOS = YES_AGGRESSIVE;
				GCC_WARN_UNUSED_FUNCTION = YES;
				GCC_WARN_UNUSED_VARIABLE = YES;
				IPHONEOS_DEPLOYMENT_TARGET = 17.4;
				LOCALIZATION_PREFERS_STRING_CATALOGS = YES;
				MTL_ENABLE_DEBUG_INFO = NO;
				MTL_FAST_MATH = YES;
				SDKROOT = iphoneos;
				SWIFT_COMPILATION_MODE = wholemodule;
				VALIDATE_PRODUCT = YES;
			};
			name = Release;
		};
		BC07A5782BAE9A77003B3635 /* Debug */ = {
			isa = XCBuildConfiguration;
			baseConfigurationReference = 3755C609B7FEFEC2BF205017 /* Pods-Alamofire-Api-calling.debug.xcconfig */;
			buildSettings = {
				ASSETCATALOG_COMPILER_APPICON_NAME = AppIcon;
				ASSETCATALOG_COMPILER_GLOBAL_ACCENT_COLOR_NAME = AccentColor;
				CODE_SIGN_STYLE = Automatic;
				CURRENT_PROJECT_VERSION = 1;
				DEVELOPMENT_TEAM = 345EW53RYW;
				ENABLE_USER_SCRIPT_SANDBOXING = NO;
				GENERATE_INFOPLIST_FILE = YES;
				INFOPLIST_FILE = "Alamofire-Api-basic-calling/Info.plist";
				INFOPLIST_KEY_UIApplicationSupportsIndirectInputEvents = YES;
				INFOPLIST_KEY_UILaunchStoryboardName = LaunchScreen;
				INFOPLIST_KEY_UIMainStoryboardFile = Main;
				INFOPLIST_KEY_UISupportedInterfaceOrientations_iPad = "UIInterfaceOrientationPortrait UIInterfaceOrientationPortraitUpsideDown UIInterfaceOrientationLandscapeLeft UIInterfaceOrientationLandscapeRight";
				INFOPLIST_KEY_UISupportedInterfaceOrientations_iPhone = "UIInterfaceOrientationPortrait UIInterfaceOrientationLandscapeLeft UIInterfaceOrientationLandscapeRight";
				LD_RUNPATH_SEARCH_PATHS = (
					"$(inherited)",
					"@executable_path/Frameworks",
				);
				MARKETING_VERSION = 1.0;
				PRODUCT_BUNDLE_IDENTIFIER = "com.Alamofire-Api-basic-calling";
				PRODUCT_NAME = "$(TARGET_NAME)";
				SWIFT_EMIT_LOC_STRINGS = YES;
				SWIFT_VERSION = 5.0;
				TARGETED_DEVICE_FAMILY = "1,2";
			};
			name = Debug;
		};
		BC07A5792BAE9A77003B3635 /* Release */ = {
			isa = XCBuildConfiguration;
			baseConfigurationReference = 286058FD0E1818B145A00976 /* Pods-Alamofire-Api-calling.release.xcconfig */;
			buildSettings = {
				ASSETCATALOG_COMPILER_APPICON_NAME = AppIcon;
				ASSETCATALOG_COMPILER_GLOBAL_ACCENT_COLOR_NAME = AccentColor;
				CODE_SIGN_STYLE = Automatic;
				CURRENT_PROJECT_VERSION = 1;
				DEVELOPMENT_TEAM = 345EW53RYW;
				ENABLE_USER_SCRIPT_SANDBOXING = NO;
				GENERATE_INFOPLIST_FILE = YES;
				INFOPLIST_FILE = "Alamofire-Api-basic-calling/Info.plist";
				INFOPLIST_KEY_UIApplicationSupportsIndirectInputEvents = YES;
				INFOPLIST_KEY_UILaunchStoryboardName = LaunchScreen;
				INFOPLIST_KEY_UIMainStoryboardFile = Main;
				INFOPLIST_KEY_UISupportedInterfaceOrientations_iPad = "UIInterfaceOrientationPortrait UIInterfaceOrientationPortraitUpsideDown UIInterfaceOrientationLandscapeLeft UIInterfaceOrientationLandscapeRight";
				INFOPLIST_KEY_UISupportedInterfaceOrientations_iPhone = "UIInterfaceOrientationPortrait UIInterfaceOrientationLandscapeLeft UIInterfaceOrientationLandscapeRight";
				LD_RUNPATH_SEARCH_PATHS = (
					"$(inherited)",
					"@executable_path/Frameworks",
				);
				MARKETING_VERSION = 1.0;
				PRODUCT_BUNDLE_IDENTIFIER = "com.Alamofire-Api-basic-calling";
				PRODUCT_NAME = "$(TARGET_NAME)";
				SWIFT_EMIT_LOC_STRINGS = YES;
				SWIFT_VERSION = 5.0;
				TARGETED_DEVICE_FAMILY = "1,2";
			};
			name = Release;
		};
/* End XCBuildConfiguration section */

/* Begin XCConfigurationList section */
		BC07A55E2BAE9A76003B3635 /* Build configuration list for PBXProject "Alamofire-Api-basic-calling" */ = {
			isa = XCConfigurationList;
			buildConfigurations = (
				BC07A5752BAE9A77003B3635 /* Debug */,
				BC07A5762BAE9A77003B3635 /* Release */,
			);
			defaultConfigurationIsVisible = 0;
			defaultConfigurationName = Release;
		};
		BC07A5772BAE9A77003B3635 /* Build configuration list for PBXNativeTarget "Alamofire-Api-basic-calling" */ = {
			isa = XCConfigurationList;
			buildConfigurations = (
				BC07A5782BAE9A77003B3635 /* Debug */,
				BC07A5792BAE9A77003B3635 /* Release */,
			);
			defaultConfigurationIsVisible = 0;
			defaultConfigurationName = Release;
		};
/* End XCConfigurationList section */
	};
	rootObject = BC07A55B2BAE9A76003B3635 /* Project object */;
}
